// !$*UTF8*$!
{
	archiveVersion = 1;
	classes = {
	};
	objectVersion = 56;
	objects = {

/* Begin PBXBuildFile section */
		BA6723272B4F1D4100ABC9B7 /* codetohtmlApp.swift in Sources */ = {isa = PBXBuildFile; fileRef = BA6723262B4F1D4100ABC9B7 /* codetohtmlApp.swift */; };
		BA6723292B4F1D4100ABC9B7 /* ContentView.swift in Sources */ = {isa = PBXBuildFile; fileRef = BA6723282B4F1D4100ABC9B7 /* ContentView.swift */; };
		BA67232B2B4F1D4200ABC9B7 /* Assets.xcassets in Resources */ = {isa = PBXBuildFile; fileRef = BA67232A2B4F1D4200ABC9B7 /* Assets.xcassets */; };
		BA67232E2B4F1D4200ABC9B7 /* Preview Assets.xcassets in Resources */ = {isa = PBXBuildFile; fileRef = BA67232D2B4F1D4200ABC9B7 /* Preview Assets.xcassets */; };
		BA6723392B4F1D4200ABC9B7 /* codetohtmlTests.swift in Sources */ = {isa = PBXBuildFile; fileRef = BA6723382B4F1D4200ABC9B7 /* codetohtmlTests.swift */; };
		BA6723432B4F1D4200ABC9B7 /* codetohtmlUITests.swift in Sources */ = {isa = PBXBuildFile; fileRef = BA6723422B4F1D4200ABC9B7 /* codetohtmlUITests.swift */; };
		BA6723452B4F1D4200ABC9B7 /* codetohtmlUITestsLaunchTests.swift in Sources */ = {isa = PBXBuildFile; fileRef = BA6723442B4F1D4200ABC9B7 /* codetohtmlUITestsLaunchTests.swift */; };
		BA6723532B4F2AAC00ABC9B7 /* ManagerFiles.swift in Sources */ = {isa = PBXBuildFile; fileRef = BA6723522B4F2AAC00ABC9B7 /* ManagerFiles.swift */; };
		BA6723542B4F2AB800ABC9B7 /* ManagerFiles.swift in Sources */ = {isa = PBXBuildFile; fileRef = BA6723522B4F2AAC00ABC9B7 /* ManagerFiles.swift */; };
		BA6723552B4F2ABB00ABC9B7 /* ManagerFiles.swift in Sources */ = {isa = PBXBuildFile; fileRef = BA6723522B4F2AAC00ABC9B7 /* ManagerFiles.swift */; };
/* End PBXBuildFile section */

/* Begin PBXContainerItemProxy section */
		BA6723352B4F1D4200ABC9B7 /* PBXContainerItemProxy */ = {
			isa = PBXContainerItemProxy;
			containerPortal = BA67231B2B4F1D4100ABC9B7 /* Project object */;
			proxyType = 1;
			remoteGlobalIDString = BA6723222B4F1D4100ABC9B7;
			remoteInfo = codetohtml;
		};
		BA67233F2B4F1D4200ABC9B7 /* PBXContainerItemProxy */ = {
			isa = PBXContainerItemProxy;
			containerPortal = BA67231B2B4F1D4100ABC9B7 /* Project object */;
			proxyType = 1;
			remoteGlobalIDString = BA6723222B4F1D4100ABC9B7;
			remoteInfo = codetohtml;
		};
/* End PBXContainerItemProxy section */

/* Begin PBXFileReference section */
		BA6723232B4F1D4100ABC9B7 /* codetohtml.app */ = {isa = PBXFileReference; explicitFileType = wrapper.application; includeInIndex = 0; path = codetohtml.app; sourceTree = BUILT_PRODUCTS_DIR; };
		BA6723262B4F1D4100ABC9B7 /* codetohtmlApp.swift */ = {isa = PBXFileReference; lastKnownFileType = sourcecode.swift; path = codetohtmlApp.swift; sourceTree = "<group>"; };
		BA6723282B4F1D4100ABC9B7 /* ContentView.swift */ = {isa = PBXFileReference; lastKnownFileType = sourcecode.swift; path = ContentView.swift; sourceTree = "<group>"; };
		BA67232A2B4F1D4200ABC9B7 /* Assets.xcassets */ = {isa = PBXFileReference; lastKnownFileType = folder.assetcatalog; path = Assets.xcassets; sourceTree = "<group>"; };
		BA67232D2B4F1D4200ABC9B7 /* Preview Assets.xcassets */ = {isa = PBXFileReference; lastKnownFileType = folder.assetcatalog; path = "Preview Assets.xcassets"; sourceTree = "<group>"; };
		BA67232F2B4F1D4200ABC9B7 /* codetohtml.entitlements */ = {isa = PBXFileReference; lastKnownFileType = text.plist.entitlements; path = codetohtml.entitlements; sourceTree = "<group>"; };
		BA6723342B4F1D4200ABC9B7 /* codetohtmlTests.xctest */ = {isa = PBXFileReference; explicitFileType = wrapper.cfbundle; includeInIndex = 0; path = codetohtmlTests.xctest; sourceTree = BUILT_PRODUCTS_DIR; };
		BA6723382B4F1D4200ABC9B7 /* codetohtmlTests.swift */ = {isa = PBXFileReference; lastKnownFileType = sourcecode.swift; path = codetohtmlTests.swift; sourceTree = "<group>"; };
		BA67233E2B4F1D4200ABC9B7 /* codetohtmlUITests.xctest */ = {isa = PBXFileReference; explicitFileType = wrapper.cfbundle; includeInIndex = 0; path = codetohtmlUITests.xctest; sourceTree = BUILT_PRODUCTS_DIR; };
		BA6723422B4F1D4200ABC9B7 /* codetohtmlUITests.swift */ = {isa = PBXFileReference; lastKnownFileType = sourcecode.swift; path = codetohtmlUITests.swift; sourceTree = "<group>"; };
		BA6723442B4F1D4200ABC9B7 /* codetohtmlUITestsLaunchTests.swift */ = {isa = PBXFileReference; lastKnownFileType = sourcecode.swift; path = codetohtmlUITestsLaunchTests.swift; sourceTree = "<group>"; };
		BA6723522B4F2AAC00ABC9B7 /* ManagerFiles.swift */ = {isa = PBXFileReference; lastKnownFileType = sourcecode.swift; path = ManagerFiles.swift; sourceTree = "<group>"; };
/* End PBXFileReference section */

/* Begin PBXFrameworksBuildPhase section */
		BA6723202B4F1D4100ABC9B7 /* Frameworks */ = {
			isa = PBXFrameworksBuildPhase;
			buildActionMask = 2147483647;
			files = (
			);
			runOnlyForDeploymentPostprocessing = 0;
		};
		BA6723312B4F1D4200ABC9B7 /* Frameworks */ = {
			isa = PBXFrameworksBuildPhase;
			buildActionMask = 2147483647;
			files = (
			);
			runOnlyForDeploymentPostprocessing = 0;
		};
		BA67233B2B4F1D4200ABC9B7 /* Frameworks */ = {
			isa = PBXFrameworksBuildPhase;
			buildActionMask = 2147483647;
			files = (
			);
			runOnlyForDeploymentPostprocessing = 0;
		};
/* End PBXFrameworksBuildPhase section */

/* Begin PBXGroup section */
		BA67231A2B4F1D4100ABC9B7 = {
			isa = PBXGroup;
			children = (
				BA6723252B4F1D4100ABC9B7 /* codetohtml */,
				BA6723372B4F1D4200ABC9B7 /* codetohtmlTests */,
				BA6723412B4F1D4200ABC9B7 /* codetohtmlUITests */,
				BA6723242B4F1D4100ABC9B7 /* Products */,
			);
			sourceTree = "<group>";
		};
		BA6723242B4F1D4100ABC9B7 /* Products */ = {
			isa = PBXGroup;
			children = (
				BA6723232B4F1D4100ABC9B7 /* codetohtml.app */,
				BA6723342B4F1D4200ABC9B7 /* codetohtmlTests.xctest */,
				BA67233E2B4F1D4200ABC9B7 /* codetohtmlUITests.xctest */,
			);
			name = Products;
			sourceTree = "<group>";
		};
		BA6723252B4F1D4100ABC9B7 /* codetohtml */ = {
			isa = PBXGroup;
			children = (
				BA6723512B4F22E400ABC9B7 /* DataModules */,
				BA6723262B4F1D4100ABC9B7 /* codetohtmlApp.swift */,
				BA6723282B4F1D4100ABC9B7 /* ContentView.swift */,
				BA67232A2B4F1D4200ABC9B7 /* Assets.xcassets */,
				BA67232F2B4F1D4200ABC9B7 /* codetohtml.entitlements */,
				BA67232C2B4F1D4200ABC9B7 /* Preview Content */,
			);
			path = codetohtml;
			sourceTree = "<group>";
		};
		BA67232C2B4F1D4200ABC9B7 /* Preview Content */ = {
			isa = PBXGroup;
			children = (
				BA67232D2B4F1D4200ABC9B7 /* Preview Assets.xcassets */,
			);
			path = "Preview Content";
			sourceTree = "<group>";
		};
		BA6723372B4F1D4200ABC9B7 /* codetohtmlTests */ = {
			isa = PBXGroup;
			children = (
				BA6723382B4F1D4200ABC9B7 /* codetohtmlTests.swift */,
			);
			path = codetohtmlTests;
			sourceTree = "<group>";
		};
		BA6723412B4F1D4200ABC9B7 /* codetohtmlUITests */ = {
			isa = PBXGroup;
			children = (
				BA6723422B4F1D4200ABC9B7 /* codetohtmlUITests.swift */,
				BA6723442B4F1D4200ABC9B7 /* codetohtmlUITestsLaunchTests.swift */,
			);
			path = codetohtmlUITests;
			sourceTree = "<group>";
		};
		BA6723512B4F22E400ABC9B7 /* DataModules */ = {
			isa = PBXGroup;
			children = (
				BA6723522B4F2AAC00ABC9B7 /* ManagerFiles.swift */,
			);
			path = DataModules;
			sourceTree = "<group>";
		};
/* End PBXGroup section */

/* Begin PBXNativeTarget section */
		BA6723222B4F1D4100ABC9B7 /* codetohtml */ = {
			isa = PBXNativeTarget;
			buildConfigurationList = BA6723482B4F1D4200ABC9B7 /* Build configuration list for PBXNativeTarget "codetohtml" */;
			buildPhases = (
				BA67231F2B4F1D4100ABC9B7 /* Sources */,
				BA6723202B4F1D4100ABC9B7 /* Frameworks */,
				BA6723212B4F1D4100ABC9B7 /* Resources */,
			);
			buildRules = (
			);
			dependencies = (
			);
			name = codetohtml;
			productName = codetohtml;
			productReference = BA6723232B4F1D4100ABC9B7 /* codetohtml.app */;
			productType = "com.apple.product-type.application";
		};
		BA6723332B4F1D4200ABC9B7 /* codetohtmlTests */ = {
			isa = PBXNativeTarget;
			buildConfigurationList = BA67234B2B4F1D4200ABC9B7 /* Build configuration list for PBXNativeTarget "codetohtmlTests" */;
			buildPhases = (
				BA6723302B4F1D4200ABC9B7 /* Sources */,
				BA6723312B4F1D4200ABC9B7 /* Frameworks */,
				BA6723322B4F1D4200ABC9B7 /* Resources */,
			);
			buildRules = (
			);
			dependencies = (
				BA6723362B4F1D4200ABC9B7 /* PBXTargetDependency */,
			);
			name = codetohtmlTests;
			productName = codetohtmlTests;
			productReference = BA6723342B4F1D4200ABC9B7 /* codetohtmlTests.xctest */;
			productType = "com.apple.product-type.bundle.unit-test";
		};
		BA67233D2B4F1D4200ABC9B7 /* codetohtmlUITests */ = {
			isa = PBXNativeTarget;
			buildConfigurationList = BA67234E2B4F1D4200ABC9B7 /* Build configuration list for PBXNativeTarget "codetohtmlUITests" */;
			buildPhases = (
				BA67233A2B4F1D4200ABC9B7 /* Sources */,
				BA67233B2B4F1D4200ABC9B7 /* Frameworks */,
				BA67233C2B4F1D4200ABC9B7 /* Resources */,
			);
			buildRules = (
			);
			dependencies = (
				BA6723402B4F1D4200ABC9B7 /* PBXTargetDependency */,
			);
			name = codetohtmlUITests;
			productName = codetohtmlUITests;
			productReference = BA67233E2B4F1D4200ABC9B7 /* codetohtmlUITests.xctest */;
			productType = "com.apple.product-type.bundle.ui-testing";
		};
/* End PBXNativeTarget section */

/* Begin PBXProject section */
		BA67231B2B4F1D4100ABC9B7 /* Project object */ = {
			isa = PBXProject;
			attributes = {
				BuildIndependentTargetsInParallel = 1;
				LastSwiftUpdateCheck = 1510;
				LastUpgradeCheck = 1510;
				TargetAttributes = {
					BA6723222B4F1D4100ABC9B7 = {
						CreatedOnToolsVersion = 15.1;
					};
					BA6723332B4F1D4200ABC9B7 = {
						CreatedOnToolsVersion = 15.1;
						TestTargetID = BA6723222B4F1D4100ABC9B7;
					};
					BA67233D2B4F1D4200ABC9B7 = {
						CreatedOnToolsVersion = 15.1;
						TestTargetID = BA6723222B4F1D4100ABC9B7;
					};
				};
			};
			buildConfigurationList = BA67231E2B4F1D4100ABC9B7 /* Build configuration list for PBXProject "codetohtml" */;
			compatibilityVersion = "Xcode 14.0";
			developmentRegion = en;
			hasScannedForEncodings = 0;
			knownRegions = (
				en,
				Base,
			);
			mainGroup = BA67231A2B4F1D4100ABC9B7;
			productRefGroup = BA6723242B4F1D4100ABC9B7 /* Products */;
			projectDirPath = "";
			projectRoot = "";
			targets = (
				BA6723222B4F1D4100ABC9B7 /* codetohtml */,
				BA6723332B4F1D4200ABC9B7 /* codetohtmlTests */,
				BA67233D2B4F1D4200ABC9B7 /* codetohtmlUITests */,
			);
		};
/* End PBXProject section */

/* Begin PBXResourcesBuildPhase section */
		BA6723212B4F1D4100ABC9B7 /* Resources */ = {
			isa = PBXResourcesBuildPhase;
			buildActionMask = 2147483647;
			files = (
				BA67232E2B4F1D4200ABC9B7 /* Preview Assets.xcassets in Resources */,
				BA67232B2B4F1D4200ABC9B7 /* Assets.xcassets in Resources */,
			);
			runOnlyForDeploymentPostprocessing = 0;
		};
		BA6723322B4F1D4200ABC9B7 /* Resources */ = {
			isa = PBXResourcesBuildPhase;
			buildActionMask = 2147483647;
			files = (
			);
			runOnlyForDeploymentPostprocessing = 0;
		};
		BA67233C2B4F1D4200ABC9B7 /* Resources */ = {
			isa = PBXResourcesBuildPhase;
			buildActionMask = 2147483647;
			files = (
			);
			runOnlyForDeploymentPostprocessing = 0;
		};
/* End PBXResourcesBuildPhase section */

/* Begin PBXSourcesBuildPhase section */
		BA67231F2B4F1D4100ABC9B7 /* Sources */ = {
			isa = PBXSourcesBuildPhase;
			buildActionMask = 2147483647;
			files = (
				BA6723292B4F1D4100ABC9B7 /* ContentView.swift in Sources */,
				BA6723272B4F1D4100ABC9B7 /* codetohtmlApp.swift in Sources */,
				BA6723532B4F2AAC00ABC9B7 /* ManagerFiles.swift in Sources */,
			);
			runOnlyForDeploymentPostprocessing = 0;
		};
		BA6723302B4F1D4200ABC9B7 /* Sources */ = {
			isa = PBXSourcesBuildPhase;
			buildActionMask = 2147483647;
			files = (
				BA6723392B4F1D4200ABC9B7 /* codetohtmlTests.swift in Sources */,
				BA6723542B4F2AB800ABC9B7 /* ManagerFiles.swift in Sources */,
			);
			runOnlyForDeploymentPostprocessing = 0;
		};
		BA67233A2B4F1D4200ABC9B7 /* Sources */ = {
			isa = PBXSourcesBuildPhase;
			buildActionMask = 2147483647;
			files = (
				BA6723432B4F1D4200ABC9B7 /* codetohtmlUITests.swift in Sources */,
				BA6723452B4F1D4200ABC9B7 /* codetohtmlUITestsLaunchTests.swift in Sources */,
				BA6723552B4F2ABB00ABC9B7 /* ManagerFiles.swift in Sources */,
			);
			runOnlyForDeploymentPostprocessing = 0;
		};
/* End PBXSourcesBuildPhase section */

/* Begin PBXTargetDependency section */
		BA6723362B4F1D4200ABC9B7 /* PBXTargetDependency */ = {
			isa = PBXTargetDependency;
			target = BA6723222B4F1D4100ABC9B7 /* codetohtml */;
			targetProxy = BA6723352B4F1D4200ABC9B7 /* PBXContainerItemProxy */;
		};
		BA6723402B4F1D4200ABC9B7 /* PBXTargetDependency */ = {
			isa = PBXTargetDependency;
			target = BA6723222B4F1D4100ABC9B7 /* codetohtml */;
			targetProxy = BA67233F2B4F1D4200ABC9B7 /* PBXContainerItemProxy */;
		};
/* End PBXTargetDependency section */

/* Begin XCBuildConfiguration section */
		BA6723462B4F1D4200ABC9B7 /* Debug */ = {
			isa = XCBuildConfiguration;
			buildSettings = {
				ALWAYS_SEARCH_USER_PATHS = NO;
				ASSETCATALOG_COMPILER_GENERATE_SWIFT_ASSET_SYMBOL_EXTENSIONS = YES;
				CLANG_ANALYZER_NONNULL = YES;
				CLANG_ANALYZER_NUMBER_OBJECT_CONVERSION = YES_AGGRESSIVE;
				CLANG_CXX_LANGUAGE_STANDARD = "gnu++20";
				CLANG_ENABLE_MODULES = YES;
				CLANG_ENABLE_OBJC_ARC = YES;
				CLANG_ENABLE_OBJC_WEAK = YES;
				CLANG_WARN_BLOCK_CAPTURE_AUTORELEASING = YES;
				CLANG_WARN_BOOL_CONVERSION = YES;
				CLANG_WARN_COMMA = YES;
				CLANG_WARN_CONSTANT_CONVERSION = YES;
				CLANG_WARN_DEPRECATED_OBJC_IMPLEMENTATIONS = YES;
				CLANG_WARN_DIRECT_OBJC_ISA_USAGE = YES_ERROR;
				CLANG_WARN_DOCUMENTATION_COMMENTS = YES;
				CLANG_WARN_EMPTY_BODY = YES;
				CLANG_WARN_ENUM_CONVERSION = YES;
				CLANG_WARN_INFINITE_RECURSION = YES;
				CLANG_WARN_INT_CONVERSION = YES;
				CLANG_WARN_NON_LITERAL_NULL_CONVERSION = YES;
				CLANG_WARN_OBJC_IMPLICIT_RETAIN_SELF = YES;
				CLANG_WARN_OBJC_LITERAL_CONVERSION = YES;
				CLANG_WARN_OBJC_ROOT_CLASS = YES_ERROR;
				CLANG_WARN_QUOTED_INCLUDE_IN_FRAMEWORK_HEADER = YES;
				CLANG_WARN_RANGE_LOOP_ANALYSIS = YES;
				CLANG_WARN_STRICT_PROTOTYPES = YES;
				CLANG_WARN_SUSPICIOUS_MOVE = YES;
				CLANG_WARN_UNGUARDED_AVAILABILITY = YES_AGGRESSIVE;
				CLANG_WARN_UNREACHABLE_CODE = YES;
				CLANG_WARN__DUPLICATE_METHOD_MATCH = YES;
				COPY_PHASE_STRIP = NO;
				DEBUG_INFORMATION_FORMAT = dwarf;
				ENABLE_STRICT_OBJC_MSGSEND = YES;
				ENABLE_TESTABILITY = YES;
				ENABLE_USER_SCRIPT_SANDBOXING = YES;
				GCC_C_LANGUAGE_STANDARD = gnu17;
				GCC_DYNAMIC_NO_PIC = NO;
				GCC_NO_COMMON_BLOCKS = YES;
				GCC_OPTIMIZATION_LEVEL = 0;
				GCC_PREPROCESSOR_DEFINITIONS = (
					"DEBUG=1",
					"$(inherited)",
				);
				GCC_WARN_64_TO_32_BIT_CONVERSION = YES;
				GCC_WARN_ABOUT_RETURN_TYPE = YES_ERROR;
				GCC_WARN_UNDECLARED_SELECTOR = YES;
				GCC_WARN_UNINITIALIZED_AUTOS = YES_AGGRESSIVE;
				GCC_WARN_UNUSED_FUNCTION = YES;
				GCC_WARN_UNUSED_VARIABLE = YES;
				LOCALIZATION_PREFERS_STRING_CATALOGS = YES;
				MACOSX_DEPLOYMENT_TARGET = 14.2;
				MTL_ENABLE_DEBUG_INFO = INCLUDE_SOURCE;
				MTL_FAST_MATH = YES;
				ONLY_ACTIVE_ARCH = YES;
				SDKROOT = macosx;
				SWIFT_ACTIVE_COMPILATION_CONDITIONS = "DEBUG $(inherited)";
				SWIFT_OPTIMIZATION_LEVEL = "-Onone";
			};
			name = Debug;
		};
		BA6723472B4F1D4200ABC9B7 /* Release */ = {
			isa = XCBuildConfiguration;
			buildSettings = {
				ALWAYS_SEARCH_USER_PATHS = NO;
				ASSETCATALOG_COMPILER_GENERATE_SWIFT_ASSET_SYMBOL_EXTENSIONS = YES;
				CLANG_ANALYZER_NONNULL = YES;
				CLANG_ANALYZER_NUMBER_OBJECT_CONVERSION = YES_AGGRESSIVE;
				CLANG_CXX_LANGUAGE_STANDARD = "gnu++20";
				CLANG_ENABLE_MODULES = YES;
				CLANG_ENABLE_OBJC_ARC = YES;
				CLANG_ENABLE_OBJC_WEAK = YES;
				CLANG_WARN_BLOCK_CAPTURE_AUTORELEASING = YES;
				CLANG_WARN_BOOL_CONVERSION = YES;
				CLANG_WARN_COMMA = YES;
				CLANG_WARN_CONSTANT_CONVERSION = YES;
				CLANG_WARN_DEPRECATED_OBJC_IMPLEMENTATIONS = YES;
				CLANG_WARN_DIRECT_OBJC_ISA_USAGE = YES_ERROR;
				CLANG_WARN_DOCUMENTATION_COMMENTS = YES;
				CLANG_WARN_EMPTY_BODY = YES;
				CLANG_WARN_ENUM_CONVERSION = YES;
				CLANG_WARN_INFINITE_RECURSION = YES;
				CLANG_WARN_INT_CONVERSION = YES;
				CLANG_WARN_NON_LITERAL_NULL_CONVERSION = YES;
				CLANG_WARN_OBJC_IMPLICIT_RETAIN_SELF = YES;
				CLANG_WARN_OBJC_LITERAL_CONVERSION = YES;
				CLANG_WARN_OBJC_ROOT_CLASS = YES_ERROR;
				CLANG_WARN_QUOTED_INCLUDE_IN_FRAMEWORK_HEADER = YES;
				CLANG_WARN_RANGE_LOOP_ANALYSIS = YES;
				CLANG_WARN_STRICT_PROTOTYPES = YES;
				CLANG_WARN_SUSPICIOUS_MOVE = YES;
				CLANG_WARN_UNGUARDED_AVAILABILITY = YES_AGGRESSIVE;
				CLANG_WARN_UNREACHABLE_CODE = YES;
				CLANG_WARN__DUPLICATE_METHOD_MATCH = YES;
				COPY_PHASE_STRIP = NO;
				DEBUG_INFORMATION_FORMAT = "dwarf-with-dsym";
				ENABLE_NS_ASSERTIONS = NO;
				ENABLE_STRICT_OBJC_MSGSEND = YES;
				ENABLE_USER_SCRIPT_SANDBOXING = YES;
				GCC_C_LANGUAGE_STANDARD = gnu17;
				GCC_NO_COMMON_BLOCKS = YES;
				GCC_WARN_64_TO_32_BIT_CONVERSION = YES;
				GCC_WARN_ABOUT_RETURN_TYPE = YES_ERROR;
				GCC_WARN_UNDECLARED_SELECTOR = YES;
				GCC_WARN_UNINITIALIZED_AUTOS = YES_AGGRESSIVE;
				GCC_WARN_UNUSED_FUNCTION = YES;
				GCC_WARN_UNUSED_VARIABLE = YES;
				LOCALIZATION_PREFERS_STRING_CATALOGS = YES;
				MACOSX_DEPLOYMENT_TARGET = 14.2;
				MTL_ENABLE_DEBUG_INFO = NO;
				MTL_FAST_MATH = YES;
				SDKROOT = macosx;
				SWIFT_COMPILATION_MODE = wholemodule;
			};
			name = Release;
		};
		BA6723492B4F1D4200ABC9B7 /* Debug */ = {
			isa = XCBuildConfiguration;
			buildSettings = {
				ASSETCATALOG_COMPILER_APPICON_NAME = AppIcon;
				ASSETCATALOG_COMPILER_GLOBAL_ACCENT_COLOR_NAME = AccentColor;
				CODE_SIGN_ENTITLEMENTS = codetohtml/codetohtml.entitlements;
				CODE_SIGN_STYLE = Automatic;
				COMBINE_HIDPI_IMAGES = YES;
				CURRENT_PROJECT_VERSION = 1;
				DEVELOPMENT_ASSET_PATHS = "\"codetohtml/Preview Content\"";
				DEVELOPMENT_TEAM = 348MZJ2SHN;
				ENABLE_HARDENED_RUNTIME = YES;
				ENABLE_PREVIEWS = YES;
				GENERATE_INFOPLIST_FILE = YES;
				INFOPLIST_KEY_NSHumanReadableCopyright = "";
				LD_RUNPATH_SEARCH_PATHS = (
					"$(inherited)",
					"@executable_path/../Frameworks",
				);
				MARKETING_VERSION = 1.0;
				PRODUCT_BUNDLE_IDENTIFIER = es.osdev.codetohtml;
				PRODUCT_NAME = "$(TARGET_NAME)";
				SWIFT_EMIT_LOC_STRINGS = YES;
				SWIFT_VERSION = 5.0;
			};
			name = Debug;
		};
		BA67234A2B4F1D4200ABC9B7 /* Release */ = {
			isa = XCBuildConfiguration;
			buildSettings = {
				ASSETCATALOG_COMPILER_APPICON_NAME = AppIcon;
				ASSETCATALOG_COMPILER_GLOBAL_ACCENT_COLOR_NAME = AccentColor;
				CODE_SIGN_ENTITLEMENTS = codetohtml/codetohtml.entitlements;
				CODE_SIGN_STYLE = Automatic;
				COMBINE_HIDPI_IMAGES = YES;
				CURRENT_PROJECT_VERSION = 1;
				DEVELOPMENT_ASSET_PATHS = "\"codetohtml/Preview Content\"";
				DEVELOPMENT_TEAM = 348MZJ2SHN;
				ENABLE_HARDENED_RUNTIME = YES;
				ENABLE_PREVIEWS = YES;
				GENERATE_INFOPLIST_FILE = YES;
				INFOPLIST_KEY_NSHumanReadableCopyright = "";
				LD_RUNPATH_SEARCH_PATHS = (
					"$(inherited)",
					"@executable_path/../Frameworks",
				);
				MARKETING_VERSION = 1.0;
				PRODUCT_BUNDLE_IDENTIFIER = es.osdev.codetohtml;
				PRODUCT_NAME = "$(TARGET_NAME)";
				SWIFT_EMIT_LOC_STRINGS = YES;
				SWIFT_VERSION = 5.0;
			};
			name = Release;
		};
		BA67234C2B4F1D4200ABC9B7 /* Debug */ = {
			isa = XCBuildConfiguration;
			buildSettings = {
				ALWAYS_EMBED_SWIFT_STANDARD_LIBRARIES = YES;
				BUNDLE_LOADER = "$(TEST_HOST)";
				CODE_SIGN_STYLE = Automatic;
				CURRENT_PROJECT_VERSION = 1;
				DEVELOPMENT_TEAM = 348MZJ2SHN;
				GENERATE_INFOPLIST_FILE = YES;
				MACOSX_DEPLOYMENT_TARGET = 14.2;
				MARKETING_VERSION = 1.0;
				PRODUCT_BUNDLE_IDENTIFIER = es.osdev.codetohtmlTests;
				PRODUCT_NAME = "$(TARGET_NAME)";
				SWIFT_EMIT_LOC_STRINGS = NO;
				SWIFT_VERSION = 5.0;
				TEST_HOST = "$(BUILT_PRODUCTS_DIR)/codetohtml.app/$(BUNDLE_EXECUTABLE_FOLDER_PATH)/codetohtml";
			};
			name = Debug;
		};
		BA67234D2B4F1D4200ABC9B7 /* Release */ = {
			isa = XCBuildConfiguration;
			buildSettings = {
				ALWAYS_EMBED_SWIFT_STANDARD_LIBRARIES = YES;
				BUNDLE_LOADER = "$(TEST_HOST)";
				CODE_SIGN_STYLE = Automatic;
				CURRENT_PROJECT_VERSION = 1;
				DEVELOPMENT_TEAM = 348MZJ2SHN;
				GENERATE_INFOPLIST_FILE = YES;
				MACOSX_DEPLOYMENT_TARGET = 14.2;
				MARKETING_VERSION = 1.0;
				PRODUCT_BUNDLE_IDENTIFIER = es.osdev.codetohtmlTests;
				PRODUCT_NAME = "$(TARGET_NAME)";
				SWIFT_EMIT_LOC_STRINGS = NO;
				SWIFT_VERSION = 5.0;
				TEST_HOST = "$(BUILT_PRODUCTS_DIR)/codetohtml.app/$(BUNDLE_EXECUTABLE_FOLDER_PATH)/codetohtml";
			};
			name = Release;
		};
		BA67234F2B4F1D4200ABC9B7 /* Debug */ = {
			isa = XCBuildConfiguration;
			buildSettings = {
				ALWAYS_EMBED_SWIFT_STANDARD_LIBRARIES = YES;
				CODE_SIGN_STYLE = Automatic;
				CURRENT_PROJECT_VERSION = 1;
				DEVELOPMENT_TEAM = 348MZJ2SHN;
				GENERATE_INFOPLIST_FILE = YES;
				MARKETING_VERSION = 1.0;
				PRODUCT_BUNDLE_IDENTIFIER = es.osdev.codetohtmlUITests;
				PRODUCT_NAME = "$(TARGET_NAME)";
				SWIFT_EMIT_LOC_STRINGS = NO;
				SWIFT_VERSION = 5.0;
				TEST_TARGET_NAME = codetohtml;
			};
			name = Debug;
		};
		BA6723502B4F1D4200ABC9B7 /* Release */ = {
			isa = XCBuildConfiguration;
			buildSettings = {
				ALWAYS_EMBED_SWIFT_STANDARD_LIBRARIES = YES;
				CODE_SIGN_STYLE = Automatic;
				CURRENT_PROJECT_VERSION = 1;
				DEVELOPMENT_TEAM = 348MZJ2SHN;
				GENERATE_INFOPLIST_FILE = YES;
				MARKETING_VERSION = 1.0;
				PRODUCT_BUNDLE_IDENTIFIER = es.osdev.codetohtmlUITests;
				PRODUCT_NAME = "$(TARGET_NAME)";
				SWIFT_EMIT_LOC_STRINGS = NO;
				SWIFT_VERSION = 5.0;
				TEST_TARGET_NAME = codetohtml;
			};
			name = Release;
		};
/* End XCBuildConfiguration section */

/* Begin XCConfigurationList section */
		BA67231E2B4F1D4100ABC9B7 /* Build configuration list for PBXProject "codetohtml" */ = {
			isa = XCConfigurationList;
			buildConfigurations = (
				BA6723462B4F1D4200ABC9B7 /* Debug */,
				BA6723472B4F1D4200ABC9B7 /* Release */,
			);
			defaultConfigurationIsVisible = 0;
			defaultConfigurationName = Release;
		};
		BA6723482B4F1D4200ABC9B7 /* Build configuration list for PBXNativeTarget "codetohtml" */ = {
			isa = XCConfigurationList;
			buildConfigurations = (
				BA6723492B4F1D4200ABC9B7 /* Debug */,
				BA67234A2B4F1D4200ABC9B7 /* Release */,
			);
			defaultConfigurationIsVisible = 0;
			defaultConfigurationName = Release;
		};
		BA67234B2B4F1D4200ABC9B7 /* Build configuration list for PBXNativeTarget "codetohtmlTests" */ = {
			isa = XCConfigurationList;
			buildConfigurations = (
				BA67234C2B4F1D4200ABC9B7 /* Debug */,
				BA67234D2B4F1D4200ABC9B7 /* Release */,
			);
			defaultConfigurationIsVisible = 0;
			defaultConfigurationName = Release;
		};
		BA67234E2B4F1D4200ABC9B7 /* Build configuration list for PBXNativeTarget "codetohtmlUITests" */ = {
			isa = XCConfigurationList;
			buildConfigurations = (
				BA67234F2B4F1D4200ABC9B7 /* Debug */,
				BA6723502B4F1D4200ABC9B7 /* Release */,
			);
			defaultConfigurationIsVisible = 0;
			defaultConfigurationName = Release;
		};
/* End XCConfigurationList section */
	};
	rootObject = BA67231B2B4F1D4100ABC9B7 /* Project object */;
}
